# This file is automatically @generated by Cargo.
# It is not intended for manual editing.
version = 3

[[package]]
name = "illuminals"
version = "0.1.0"
dependencies = [
 "term_grid",
]

[[package]]
name = "term_grid"
version = "0.2.0"
source = "registry+https://github.com/rust-lang/crates.io-index"
checksum = "a7c9eb7705cb3f0fd71d3955b23db6d372142ac139e8c473952c93bf3c3dc4b7"
dependencies = [
 "unicode-width",
]

[[package]]
name = "unicode-width"
version = "0.1.11"
source = "registry+https://github.com/rust-lang/crates.io-index"
checksum = "e51733f11c9c4f72aa0c160008246859e340b00807569a0da0e7a1079b27ba85"
